
Microsoft Visual Studio Solution File, Format Version 12.00
# Visual Studio Version 16
VisualStudioVersion = 16.0.31402.337
MinimumVisualStudioVersion = 10.0.40219.1
Project("{FAE04EC0-301F-11D3-BF4B-00C04F79EFBC}") = "Composition2Csharp", "Composition2Csharp\Composition2Csharp.csproj", "{B5E37452-9893-46BF-AE91-C0684D71605F}"
EndProject
Global
	GlobalSection(SolutionConfigurationPlatforms) = preSolution
		Debug|Any CPU = Debug|Any CPU
		Release|Any CPU = Release|Any CPU
	EndGlobalSection
	GlobalSection(ProjectConfigurationPlatforms) = postSolution
		{B5E37452-9893-46BF-AE91-C0684D71605F}.Debug|Any CPU.ActiveCfg = Debug|Any CPU
		{B5E37452-9893-46BF-AE91-C0684D71605F}.Debug|Any CPU.Build.0 = Debug|Any CPU
		{B5E37452-9893-46BF-AE91-C0684D71605F}.Release|Any CPU.ActiveCfg = Release|Any CPU
		{B5E37452-9893-46BF-AE91-C0684D71605F}.Release|Any CPU.Build.0 = Release|Any CPU
	EndGlobalSection
	GlobalSection(SolutionProperties) = preSolution
		HideSolutionNode = FALSE
	EndGlobalSection
	GlobalSection(ExtensibilityGlobals) = postSolution
		SolutionGuid = {A45AAE51-8117-479E-8DDB-1AC13D92BC48}
	EndGlobalSection
EndGlobal
